
Microsoft Visual Studio Solution File, Format Version 12.00
# Visual Studio Version 17
VisualStudioVersion = 17.10.35027.167
MinimumVisualStudioVersion = 10.0.40219.1
Project("{9A19103F-16F7-4668-BE54-9A1E7A4F7556}") = "FastMusic", "FastMusic\FastMusic.csproj", "{CCB0DA48-F741-4095-898A-CB96A12E4214}"
EndProject
Project("{FAE04EC0-301F-11D3-BF4B-00C04F79EFBC}") = "FastMusicMobile", "FastMusicMobile\FastMusicMobile.csproj", "{65504CBE-CD14-43B5-B83B-07AE6C09BF83}"
EndProject
Global
	GlobalSection(SolutionConfigurationPlatforms) = preSolution
		Debug|Any CPU = Debug|Any CPU
		Release|Any CPU = Release|Any CPU
	EndGlobalSection
	GlobalSection(ProjectConfigurationPlatforms) = postSolution
		{CCB0DA48-F741-4095-898A-CB96A12E4214}.Debug|Any CPU.ActiveCfg = Debug|Any CPU
		{CCB0DA48-F741-4095-898A-CB96A12E4214}.Debug|Any CPU.Build.0 = Debug|Any CPU
		{CCB0DA48-F741-4095-898A-CB96A12E4214}.Release|Any CPU.ActiveCfg = Release|Any CPU
		{CCB0DA48-F741-4095-898A-CB96A12E4214}.Release|Any CPU.Build.0 = Release|Any CPU
		{65504CBE-CD14-43B5-B83B-07AE6C09BF83}.Debug|Any CPU.ActiveCfg = Debug|Any CPU
		{65504CBE-CD14-43B5-B83B-07AE6C09BF83}.Debug|Any CPU.Build.0 = Debug|Any CPU
		{65504CBE-CD14-43B5-B83B-07AE6C09BF83}.Debug|Any CPU.Deploy.0 = Debug|Any CPU
		{65504CBE-CD14-43B5-B83B-07AE6C09BF83}.Release|Any CPU.ActiveCfg = Release|Any CPU
		{65504CBE-CD14-43B5-B83B-07AE6C09BF83}.Release|Any CPU.Build.0 = Release|Any CPU
		{65504CBE-CD14-43B5-B83B-07AE6C09BF83}.Release|Any CPU.Deploy.0 = Release|Any CPU
	EndGlobalSection
	GlobalSection(SolutionProperties) = preSolution
		HideSolutionNode = FALSE
	EndGlobalSection
	GlobalSection(ExtensibilityGlobals) = postSolution
		SolutionGuid = {FCA406FF-959A-45B5-BE35-525F7ADA079D}
	EndGlobalSection
EndGlobal
